
Microsoft Visual Studio Solution File, Format Version 12.00
# Visual Studio 15
Project("{FAE04EC0-301F-11D3-BF4B-00C04F79EFBC}") = "Assembly-CSharp", "Assembly-CSharp.csproj", "{3FD719AD-61A2-A3EA-ABB0-BBA7D4BF8BB3}"
EndProject
Project("{FAE04EC0-301F-11D3-BF4B-00C04F79EFBC}") = "Assembly-CSharp-Editor", "Assembly-CSharp-Editor.csproj", "{F7CAC8CC-8EBF-8501-0549-32C51C24A994}"
EndProject
Global
	GlobalSection(SolutionConfigurationPlatforms) = preSolution
		Debug|Any CPU = Debug|Any CPU
		Release|Any CPU = Release|Any CPU
	EndGlobalSection
	GlobalSection(ProjectConfigurationPlatforms) = postSolution
		{3FD719AD-61A2-A3EA-ABB0-BBA7D4BF8BB3}.Debug|Any CPU.ActiveCfg = Debug|Any CPU
		{3FD719AD-61A2-A3EA-ABB0-BBA7D4BF8BB3}.Debug|Any CPU.Build.0 = Debug|Any CPU
		{3FD719AD-61A2-A3EA-ABB0-BBA7D4BF8BB3}.Release|Any CPU.ActiveCfg = Release|Any CPU
		{3FD719AD-61A2-A3EA-ABB0-BBA7D4BF8BB3}.Release|Any CPU.Build.0 = Release|Any CPU
		{F7CAC8CC-8EBF-8501-0549-32C51C24A994}.Debug|Any CPU.ActiveCfg = Debug|Any CPU
		{F7CAC8CC-8EBF-8501-0549-32C51C24A994}.Debug|Any CPU.Build.0 = Debug|Any CPU
		{F7CAC8CC-8EBF-8501-0549-32C51C24A994}.Release|Any CPU.ActiveCfg = Release|Any CPU
		{F7CAC8CC-8EBF-8501-0549-32C51C24A994}.Release|Any CPU.Build.0 = Release|Any CPU
	EndGlobalSection
	GlobalSection(SolutionProperties) = preSolution
		HideSolutionNode = FALSE
	EndGlobalSection
EndGlobal
